
Microsoft Visual Studio Solution File, Format Version 12.00
# Visual Studio Version 16
VisualStudioVersion = 16.0.31129.286
MinimumVisualStudioVersion = 10.0.40219.1
Project("{9A19103F-16F7-4668-BE54-9A1E7A4F7556}") = "PNGGraphPlot", "PNGGraphPlot\PNGGraphPlot.csproj", "{44F175C9-D52E-457F-A709-F718FD6C9F41}"
EndProject
Project("{FAE04EC0-301F-11D3-BF4B-00C04F79EFBC}") = "PNGGraphPlotTests", "PNGGraphPlotTests\PNGGraphPlotTests.csproj", "{94A78A11-32C2-4696-B43E-1BB2017EEC6D}"
EndProject
Global
	GlobalSection(SolutionConfigurationPlatforms) = preSolution
		Debug|Any CPU = Debug|Any CPU
		Release|Any CPU = Release|Any CPU
	EndGlobalSection
	GlobalSection(ProjectConfigurationPlatforms) = postSolution
		{44F175C9-D52E-457F-A709-F718FD6C9F41}.Debug|Any CPU.ActiveCfg = Debug|Any CPU
		{44F175C9-D52E-457F-A709-F718FD6C9F41}.Debug|Any CPU.Build.0 = Debug|Any CPU
		{44F175C9-D52E-457F-A709-F718FD6C9F41}.Release|Any CPU.ActiveCfg = Release|Any CPU
		{44F175C9-D52E-457F-A709-F718FD6C9F41}.Release|Any CPU.Build.0 = Release|Any CPU
		{94A78A11-32C2-4696-B43E-1BB2017EEC6D}.Debug|Any CPU.ActiveCfg = Debug|Any CPU
		{94A78A11-32C2-4696-B43E-1BB2017EEC6D}.Debug|Any CPU.Build.0 = Debug|Any CPU
		{94A78A11-32C2-4696-B43E-1BB2017EEC6D}.Release|Any CPU.ActiveCfg = Release|Any CPU
		{94A78A11-32C2-4696-B43E-1BB2017EEC6D}.Release|Any CPU.Build.0 = Release|Any CPU
	EndGlobalSection
	GlobalSection(SolutionProperties) = preSolution
		HideSolutionNode = FALSE
	EndGlobalSection
	GlobalSection(ExtensibilityGlobals) = postSolution
		SolutionGuid = {0F396F0F-AF89-4174-BCFE-0FD512DCAC20}
	EndGlobalSection
EndGlobal
